
Microsoft Visual Studio Solution File, Format Version 12.00
# Visual Studio Version 17
VisualStudioVersion = 17.11.35219.272
MinimumVisualStudioVersion = 10.0.40219.1
Project("{2150E333-8FDC-42A3-9474-1A3956D46DE8}") = "MVC", "MVC", "{878183DC-2A0D-4F08-82D5-A22A3BBA1935}"
EndProject
Project("{2150E333-8FDC-42A3-9474-1A3956D46DE8}") = "WEBAPI", "WEBAPI", "{6E408265-2522-4B5A-90E6-7349D2E38981}"
EndProject
Project("{2150E333-8FDC-42A3-9474-1A3956D46DE8}") = "ADO", "ADO", "{5456F273-5E96-4D81-89A1-CBF21F62F4FD}"
EndProject
Project("{2150E333-8FDC-42A3-9474-1A3956D46DE8}") = "EntityFramework", "EntityFramework", "{001CE873-539D-4E1B-AE04-B3BBA5CF653C}"
EndProject
Project("{2150E333-8FDC-42A3-9474-1A3956D46DE8}") = "ASPDotNetIdentity", "ASPDotNetIdentity", "{E8C1F6B8-9C2F-4870-B73D-0CDF37CB21D9}"
EndProject
Project("{2150E333-8FDC-42A3-9474-1A3956D46DE8}") = "ASPDotNetCoreMVCIntroduction", "ASPDotNetCoreMVCIntroduction", "{C64AA940-5DD7-4478-984E-17C0B1E586BF}"
EndProject
Project("{9A19103F-16F7-4668-BE54-9A1E7A4F7556}") = "FirstCoreMVCWeApplication", "..\FirstCoreMVCWeApplication\FirstCoreMVCWeApplication.csproj", "{85FF9E3D-5A0C-4566-A86E-0697168F589B}"
EndProject
Project("{2150E333-8FDC-42A3-9474-1A3956D46DE8}") = "CSharpBasicAdvance", "CSharpBasicAdvance", "{FD6BD4EE-0E57-4F7E-A360-38BF9FBE45FA}"
EndProject
Project("{9A19103F-16F7-4668-BE54-9A1E7A4F7556}") = "MyFiirstWebAPIProject", "MyFiirstWebAPIProject\MyFiirstWebAPIProject.csproj", "{14CE2773-B99F-4ED0-8C8F-C473A29D9569}"
EndProject
Project("{9A19103F-16F7-4668-BE54-9A1E7A4F7556}") = "RoutingInASPNETCoreWebAPI", "RoutingInASPNETCoreWebAPI\RoutingInASPNETCoreWebAPI.csproj", "{6BC32F52-4165-4C67-9F22-3965C1C17CEE}"
EndProject
Project("{9A19103F-16F7-4668-BE54-9A1E7A4F7556}") = "ReturnTypeAndStatusCodes", "ReturnTypeAndStatusCodes\ReturnTypeAndStatusCodes.csproj", "{1F4139A4-F143-43D4-BC6D-785976707AB0}"
EndProject
Project("{2150E333-8FDC-42A3-9474-1A3956D46DE8}") = "Microservices", "Microservices", "{FEE9CB6A-E7BC-4AB4-A625-80E62E0AEA6A}"
EndProject
Project("{2150E333-8FDC-42A3-9474-1A3956D46DE8}") = "FromEnd", "FromEnd", "{524C48BD-0723-44BC-B884-EBEA117621BF}"
EndProject
Project("{2150E333-8FDC-42A3-9474-1A3956D46DE8}") = "Gateway", "Gateway", "{DCE80ED2-FF81-4B0E-A2BF-39F55BAE3A26}"
EndProject
Project("{2150E333-8FDC-42A3-9474-1A3956D46DE8}") = "Integration", "Integration", "{436D7117-3DB0-42AA-9241-BCB28DA48D10}"
EndProject
Project("{2150E333-8FDC-42A3-9474-1A3956D46DE8}") = "Services", "Services", "{605B9E8B-11E1-4DAD-AAB3-7483447A0527}"
EndProject
Project("{9A19103F-16F7-4668-BE54-9A1E7A4F7556}") = "Mango.Services.CouponAPI", "Mango.Services.CouponAPI\Mango.Services.CouponAPI.csproj", "{87F9167F-85A0-4BDE-B530-A4E36096D561}"
EndProject
Project("{9A19103F-16F7-4668-BE54-9A1E7A4F7556}") = "Mango.Web", "Mango.Web\Mango.Web.csproj", "{90EFEB36-2403-4E26-ACF1-8C4317F356AC}"
EndProject
Project("{9A19103F-16F7-4668-BE54-9A1E7A4F7556}") = "Mango.Services.AuthAPI", "Mango.Services.AuthAPI\Mango.Services.AuthAPI.csproj", "{49DF1881-A42B-494C-BCAF-DF1F40506168}"
EndProject
Project("{9A19103F-16F7-4668-BE54-9A1E7A4F7556}") = "Mango.Services.ProductAPI", "Mango.Services.ProductAPI\Mango.Services.ProductAPI.csproj", "{BBE3ABBD-BAAF-486B-BA28-8247C8AF4637}"
EndProject
Project("{9A19103F-16F7-4668-BE54-9A1E7A4F7556}") = "Mango.Services.ShoppingCartAPI", "ShoppingCartAPI\Mango.Services.ShoppingCartAPI.csproj", "{63E0655E-CB2B-443E-9CBA-0A47FE6D527A}"
EndProject
Project("{9A19103F-16F7-4668-BE54-9A1E7A4F7556}") = "Mango.MessageBus", "Mango.MessageBus\Mango.MessageBus.csproj", "{20875142-9CBB-4161-AB28-EF5B719D33A0}"
EndProject
Project("{2150E333-8FDC-42A3-9474-1A3956D46DE8}") = "Chapter3-DataPassingTechniques", "Chapter3-DataPassingTechniques", "{027CD3BC-8008-4FF2-A699-78FFBDA5EED2}"
EndProject
Project("{2150E333-8FDC-42A3-9474-1A3956D46DE8}") = "Chapter4-StateManagementTechniques", "Chapter4-StateManagementTechniques", "{074A648D-7E0E-440B-90A8-D75603263142}"
EndProject
Project("{2150E333-8FDC-42A3-9474-1A3956D46DE8}") = "Chapter5-Routing", "Chapter5-Routing", "{7FDE4F55-B2A2-4F85-B0E6-97CA11341E08}"
EndProject
Project("{2150E333-8FDC-42A3-9474-1A3956D46DE8}") = "Chapter6-Views", "Chapter6-Views", "{95FDCE31-7089-411E-A71E-140C7F44C937}"
EndProject
Project("{2150E333-8FDC-42A3-9474-1A3956D46DE8}") = "Chapter7-ActionResults", "Chapter7-ActionResults", "{FCCABF5C-0739-4757-BF13-D21726166CAA}"
EndProject
Project("{2150E333-8FDC-42A3-9474-1A3956D46DE8}") = "Chapter8-HTMLHelpers", "Chapter8-HTMLHelpers", "{86ABA2AC-1DC5-4A60-8BED-E1DD69C191AF}"
EndProject
Project("{2150E333-8FDC-42A3-9474-1A3956D46DE8}") = "Chapter9-TagHelpers", "Chapter9-TagHelpers", "{A6033019-358A-4004-8908-3D6C977DC4B7}"
EndProject
Project("{2150E333-8FDC-42A3-9474-1A3956D46DE8}") = "Chapter9 -zEmployeePortalApplication", "Chapter9 -zEmployeePortalApplication", "{4509BC45-330A-4F60-A3EC-11674D18A971}"
EndProject
Project("{9A19103F-16F7-4668-BE54-9A1E7A4F7556}") = "MVCView", "MVCView\MVCView.csproj", "{ACDC18A2-DC3D-49FF-B54A-31B8FF3B53F8}"
EndProject
Project("{9A19103F-16F7-4668-BE54-9A1E7A4F7556}") = "ModelBinding", "ModelBinding\ModelBinding.csproj", "{C512A984-4359-40CB-92B5-1CB31AB1DA58}"
EndProject
Project("{9A19103F-16F7-4668-BE54-9A1E7A4F7556}") = "Automapper", "Automapper\Automapper.csproj", "{A3CD3B60-BB92-4B76-8AC0-9BE3319EA2D8}"
EndProject
Project("{2150E333-8FDC-42A3-9474-1A3956D46DE8}") = "ECommerceAPI", "ECommerceAPI", "{1F657354-FD93-4116-AE15-4071BEBAEA77}"
EndProject
Project("{9A19103F-16F7-4668-BE54-9A1E7A4F7556}") = "ECommerceAPI", "ECommerceAPI\ECommerceAPI.csproj", "{2A211F1E-ECC0-4DB3-9154-737A07C2667B}"
EndProject
Project("{2150E333-8FDC-42A3-9474-1A3956D46DE8}") = "ShoppingApp", "ShoppingApp", "{0AB8F29A-F4C8-4866-AFE2-9BE17B728F5B}"
EndProject
Project("{2150E333-8FDC-42A3-9474-1A3956D46DE8}") = "eCommerceApp", "eCommerceApp", "{C9881048-AC12-4322-B16E-965C56D79D0F}"
EndProject
Project("{9A19103F-16F7-4668-BE54-9A1E7A4F7556}") = "eCommerce.API", "eCommerce.API\eCommerce.API.csproj", "{5247CD4E-2F45-4B38-9BCA-45D618DAEEE0}"
EndProject
Project("{9A19103F-16F7-4668-BE54-9A1E7A4F7556}") = "eCommerce.Infrastructure", "eCommerce.Infrastructure\eCommerce.Infrastructure.csproj", "{34A43406-4106-492B-9284-32E1381069AA}"
EndProject
Project("{9A19103F-16F7-4668-BE54-9A1E7A4F7556}") = "eCommerce.Core", "eCommerce.Core\eCommerce.Core.csproj", "{A29B2EF8-C07E-4B42-ABA3-4BD9D5F6C455}"
EndProject
Project("{9A19103F-16F7-4668-BE54-9A1E7A4F7556}") = "ProductsMicroService.API", "ProductsMicroService.API\ProductsMicroService.API.csproj", "{A080EFEA-E70E-40F6-9DDF-2BDFEC3D187E}"
EndProject
Project("{2150E333-8FDC-42A3-9474-1A3956D46DE8}") = "Products", "Products", "{A1BC2132-52EE-4513-B24D-CE45CA7289B6}"
EndProject
Project("{9A19103F-16F7-4668-BE54-9A1E7A4F7556}") = "DataAccessLayer", "DataAccessLayer\DataAccessLayer.csproj", "{13CF147B-3480-4E0C-B817-56A9B4E842FF}"
EndProject
Project("{9A19103F-16F7-4668-BE54-9A1E7A4F7556}") = "BusinessLogicLayer", "BusinessLogicLayer\BusinessLogicLayer.csproj", "{91D6C459-C398-4443-A19E-156CF6F11ACB}"
EndProject
Project("{2150E333-8FDC-42A3-9474-1A3956D46DE8}") = "Orders", "Orders", "{85C78A57-386F-4E78-9F9A-3DD39721BA78}"
EndProject
Project("{FAE04EC0-301F-11D3-BF4B-00C04F79EFBC}") = "OrdersMicroservice.API", "OrdersMicroservice.API\OrdersMicroservice.API.csproj", "{69BBB776-43F0-43CB-A978-DDDCA3392821}"
EndProject
Project("{FAE04EC0-301F-11D3-BF4B-00C04F79EFBC}") = "BusinessLogicLayer", "eCommerceApp\Orders\BysinessLogicLayer\BusinessLogicLayer.csproj", "{546D3C8D-039F-432E-8E2A-A52428A34CAA}"
EndProject
Project("{FAE04EC0-301F-11D3-BF4B-00C04F79EFBC}") = "DataAccessLayer", "eCommerceApp\Orders\DataAccessLayer\DataAccessLayer.csproj", "{9CAD153D-29A2-4CFF-9D81-A9FBBD76F29B}"
EndProject
Global
	GlobalSection(SolutionConfigurationPlatforms) = preSolution
		Debug|Any CPU = Debug|Any CPU
		Release|Any CPU = Release|Any CPU
	EndGlobalSection
	GlobalSection(ProjectConfigurationPlatforms) = postSolution
		{85FF9E3D-5A0C-4566-A86E-0697168F589B}.Debug|Any CPU.ActiveCfg = Debug|Any CPU
		{85FF9E3D-5A0C-4566-A86E-0697168F589B}.Debug|Any CPU.Build.0 = Debug|Any CPU
		{85FF9E3D-5A0C-4566-A86E-0697168F589B}.Release|Any CPU.ActiveCfg = Release|Any CPU
		{85FF9E3D-5A0C-4566-A86E-0697168F589B}.Release|Any CPU.Build.0 = Release|Any CPU
		{14CE2773-B99F-4ED0-8C8F-C473A29D9569}.Debug|Any CPU.ActiveCfg = Debug|Any CPU
		{14CE2773-B99F-4ED0-8C8F-C473A29D9569}.Debug|Any CPU.Build.0 = Debug|Any CPU
		{14CE2773-B99F-4ED0-8C8F-C473A29D9569}.Release|Any CPU.ActiveCfg = Release|Any CPU
		{14CE2773-B99F-4ED0-8C8F-C473A29D9569}.Release|Any CPU.Build.0 = Release|Any CPU
		{6BC32F52-4165-4C67-9F22-3965C1C17CEE}.Debug|Any CPU.ActiveCfg = Debug|Any CPU
		{6BC32F52-4165-4C67-9F22-3965C1C17CEE}.Debug|Any CPU.Build.0 = Debug|Any CPU
		{6BC32F52-4165-4C67-9F22-3965C1C17CEE}.Release|Any CPU.ActiveCfg = Release|Any CPU
		{6BC32F52-4165-4C67-9F22-3965C1C17CEE}.Release|Any CPU.Build.0 = Release|Any CPU
		{1F4139A4-F143-43D4-BC6D-785976707AB0}.Debug|Any CPU.ActiveCfg = Debug|Any CPU
		{1F4139A4-F143-43D4-BC6D-785976707AB0}.Debug|Any CPU.Build.0 = Debug|Any CPU
		{1F4139A4-F143-43D4-BC6D-785976707AB0}.Release|Any CPU.ActiveCfg = Release|Any CPU
		{1F4139A4-F143-43D4-BC6D-785976707AB0}.Release|Any CPU.Build.0 = Release|Any CPU
		{87F9167F-85A0-4BDE-B530-A4E36096D561}.Debug|Any CPU.ActiveCfg = Debug|Any CPU
		{87F9167F-85A0-4BDE-B530-A4E36096D561}.Debug|Any CPU.Build.0 = Debug|Any CPU
		{87F9167F-85A0-4BDE-B530-A4E36096D561}.Release|Any CPU.ActiveCfg = Release|Any CPU
		{87F9167F-85A0-4BDE-B530-A4E36096D561}.Release|Any CPU.Build.0 = Release|Any CPU
		{90EFEB36-2403-4E26-ACF1-8C4317F356AC}.Debug|Any CPU.ActiveCfg = Debug|Any CPU
		{90EFEB36-2403-4E26-ACF1-8C4317F356AC}.Debug|Any CPU.Build.0 = Debug|Any CPU
		{90EFEB36-2403-4E26-ACF1-8C4317F356AC}.Release|Any CPU.ActiveCfg = Release|Any CPU
		{90EFEB36-2403-4E26-ACF1-8C4317F356AC}.Release|Any CPU.Build.0 = Release|Any CPU
		{49DF1881-A42B-494C-BCAF-DF1F40506168}.Debug|Any CPU.ActiveCfg = Debug|Any CPU
		{49DF1881-A42B-494C-BCAF-DF1F40506168}.Debug|Any CPU.Build.0 = Debug|Any CPU
		{49DF1881-A42B-494C-BCAF-DF1F40506168}.Release|Any CPU.ActiveCfg = Release|Any CPU
		{49DF1881-A42B-494C-BCAF-DF1F40506168}.Release|Any CPU.Build.0 = Release|Any CPU
		{BBE3ABBD-BAAF-486B-BA28-8247C8AF4637}.Debug|Any CPU.ActiveCfg = Debug|Any CPU
		{BBE3ABBD-BAAF-486B-BA28-8247C8AF4637}.Debug|Any CPU.Build.0 = Debug|Any CPU
		{BBE3ABBD-BAAF-486B-BA28-8247C8AF4637}.Release|Any CPU.ActiveCfg = Release|Any CPU
		{BBE3ABBD-BAAF-486B-BA28-8247C8AF4637}.Release|Any CPU.Build.0 = Release|Any CPU
		{63E0655E-CB2B-443E-9CBA-0A47FE6D527A}.Debug|Any CPU.ActiveCfg = Debug|Any CPU
		{63E0655E-CB2B-443E-9CBA-0A47FE6D527A}.Debug|Any CPU.Build.0 = Debug|Any CPU
		{63E0655E-CB2B-443E-9CBA-0A47FE6D527A}.Release|Any CPU.ActiveCfg = Release|Any CPU
		{63E0655E-CB2B-443E-9CBA-0A47FE6D527A}.Release|Any CPU.Build.0 = Release|Any CPU
		{20875142-9CBB-4161-AB28-EF5B719D33A0}.Debug|Any CPU.ActiveCfg = Debug|Any CPU
		{20875142-9CBB-4161-AB28-EF5B719D33A0}.Debug|Any CPU.Build.0 = Debug|Any CPU
		{20875142-9CBB-4161-AB28-EF5B719D33A0}.Release|Any CPU.ActiveCfg = Release|Any CPU
		{20875142-9CBB-4161-AB28-EF5B719D33A0}.Release|Any CPU.Build.0 = Release|Any CPU
		{ACDC18A2-DC3D-49FF-B54A-31B8FF3B53F8}.Debug|Any CPU.ActiveCfg = Debug|Any CPU
		{ACDC18A2-DC3D-49FF-B54A-31B8FF3B53F8}.Debug|Any CPU.Build.0 = Debug|Any CPU
		{ACDC18A2-DC3D-49FF-B54A-31B8FF3B53F8}.Release|Any CPU.ActiveCfg = Release|Any CPU
		{ACDC18A2-DC3D-49FF-B54A-31B8FF3B53F8}.Release|Any CPU.Build.0 = Release|Any CPU
		{C512A984-4359-40CB-92B5-1CB31AB1DA58}.Debug|Any CPU.ActiveCfg = Debug|Any CPU
		{C512A984-4359-40CB-92B5-1CB31AB1DA58}.Debug|Any CPU.Build.0 = Debug|Any CPU
		{C512A984-4359-40CB-92B5-1CB31AB1DA58}.Release|Any CPU.ActiveCfg = Release|Any CPU
		{C512A984-4359-40CB-92B5-1CB31AB1DA58}.Release|Any CPU.Build.0 = Release|Any CPU
		{A3CD3B60-BB92-4B76-8AC0-9BE3319EA2D8}.Debug|Any CPU.ActiveCfg = Debug|Any CPU
		{A3CD3B60-BB92-4B76-8AC0-9BE3319EA2D8}.Debug|Any CPU.Build.0 = Debug|Any CPU
		{A3CD3B60-BB92-4B76-8AC0-9BE3319EA2D8}.Release|Any CPU.ActiveCfg = Release|Any CPU
		{A3CD3B60-BB92-4B76-8AC0-9BE3319EA2D8}.Release|Any CPU.Build.0 = Release|Any CPU
		{2A211F1E-ECC0-4DB3-9154-737A07C2667B}.Debug|Any CPU.ActiveCfg = Debug|Any CPU
		{2A211F1E-ECC0-4DB3-9154-737A07C2667B}.Debug|Any CPU.Build.0 = Debug|Any CPU
		{2A211F1E-ECC0-4DB3-9154-737A07C2667B}.Release|Any CPU.ActiveCfg = Release|Any CPU
		{2A211F1E-ECC0-4DB3-9154-737A07C2667B}.Release|Any CPU.Build.0 = Release|Any CPU
		{5247CD4E-2F45-4B38-9BCA-45D618DAEEE0}.Debug|Any CPU.ActiveCfg = Debug|Any CPU
		{5247CD4E-2F45-4B38-9BCA-45D618DAEEE0}.Debug|Any CPU.Build.0 = Debug|Any CPU
		{5247CD4E-2F45-4B38-9BCA-45D618DAEEE0}.Release|Any CPU.ActiveCfg = Release|Any CPU
		{5247CD4E-2F45-4B38-9BCA-45D618DAEEE0}.Release|Any CPU.Build.0 = Release|Any CPU
		{34A43406-4106-492B-9284-32E1381069AA}.Debug|Any CPU.ActiveCfg = Debug|Any CPU
		{34A43406-4106-492B-9284-32E1381069AA}.Debug|Any CPU.Build.0 = Debug|Any CPU
		{34A43406-4106-492B-9284-32E1381069AA}.Release|Any CPU.ActiveCfg = Release|Any CPU
		{34A43406-4106-492B-9284-32E1381069AA}.Release|Any CPU.Build.0 = Release|Any CPU
		{A29B2EF8-C07E-4B42-ABA3-4BD9D5F6C455}.Debug|Any CPU.ActiveCfg = Debug|Any CPU
		{A29B2EF8-C07E-4B42-ABA3-4BD9D5F6C455}.Debug|Any CPU.Build.0 = Debug|Any CPU
		{A29B2EF8-C07E-4B42-ABA3-4BD9D5F6C455}.Release|Any CPU.ActiveCfg = Release|Any CPU
		{A29B2EF8-C07E-4B42-ABA3-4BD9D5F6C455}.Release|Any CPU.Build.0 = Release|Any CPU
		{A080EFEA-E70E-40F6-9DDF-2BDFEC3D187E}.Debug|Any CPU.ActiveCfg = Debug|Any CPU
		{A080EFEA-E70E-40F6-9DDF-2BDFEC3D187E}.Debug|Any CPU.Build.0 = Debug|Any CPU
		{A080EFEA-E70E-40F6-9DDF-2BDFEC3D187E}.Release|Any CPU.ActiveCfg = Release|Any CPU
		{A080EFEA-E70E-40F6-9DDF-2BDFEC3D187E}.Release|Any CPU.Build.0 = Release|Any CPU
		{13CF147B-3480-4E0C-B817-56A9B4E842FF}.Debug|Any CPU.ActiveCfg = Debug|Any CPU
		{13CF147B-3480-4E0C-B817-56A9B4E842FF}.Debug|Any CPU.Build.0 = Debug|Any CPU
		{13CF147B-3480-4E0C-B817-56A9B4E842FF}.Release|Any CPU.ActiveCfg = Release|Any CPU
		{13CF147B-3480-4E0C-B817-56A9B4E842FF}.Release|Any CPU.Build.0 = Release|Any CPU
		{91D6C459-C398-4443-A19E-156CF6F11ACB}.Debug|Any CPU.ActiveCfg = Debug|Any CPU
		{91D6C459-C398-4443-A19E-156CF6F11ACB}.Debug|Any CPU.Build.0 = Debug|Any CPU
		{91D6C459-C398-4443-A19E-156CF6F11ACB}.Release|Any CPU.ActiveCfg = Release|Any CPU
		{91D6C459-C398-4443-A19E-156CF6F11ACB}.Release|Any CPU.Build.0 = Release|Any CPU
		{69BBB776-43F0-43CB-A978-DDDCA3392821}.Debug|Any CPU.ActiveCfg = Debug|Any CPU
		{69BBB776-43F0-43CB-A978-DDDCA3392821}.Debug|Any CPU.Build.0 = Debug|Any CPU
		{69BBB776-43F0-43CB-A978-DDDCA3392821}.Release|Any CPU.ActiveCfg = Release|Any CPU
		{69BBB776-43F0-43CB-A978-DDDCA3392821}.Release|Any CPU.Build.0 = Release|Any CPU
		{546D3C8D-039F-432E-8E2A-A52428A34CAA}.Debug|Any CPU.ActiveCfg = Debug|Any CPU
		{546D3C8D-039F-432E-8E2A-A52428A34CAA}.Debug|Any CPU.Build.0 = Debug|Any CPU
		{546D3C8D-039F-432E-8E2A-A52428A34CAA}.Release|Any CPU.ActiveCfg = Release|Any CPU
		{546D3C8D-039F-432E-8E2A-A52428A34CAA}.Release|Any CPU.Build.0 = Release|Any CPU
		{9CAD153D-29A2-4CFF-9D81-A9FBBD76F29B}.Debug|Any CPU.ActiveCfg = Debug|Any CPU
		{9CAD153D-29A2-4CFF-9D81-A9FBBD76F29B}.Debug|Any CPU.Build.0 = Debug|Any CPU
		{9CAD153D-29A2-4CFF-9D81-A9FBBD76F29B}.Release|Any CPU.ActiveCfg = Release|Any CPU
		{9CAD153D-29A2-4CFF-9D81-A9FBBD76F29B}.Release|Any CPU.Build.0 = Release|Any CPU
	EndGlobalSection
	GlobalSection(SolutionProperties) = preSolution
		HideSolutionNode = FALSE
	EndGlobalSection
	GlobalSection(NestedProjects) = preSolution
		{C64AA940-5DD7-4478-984E-17C0B1E586BF} = {878183DC-2A0D-4F08-82D5-A22A3BBA1935}
		{85FF9E3D-5A0C-4566-A86E-0697168F589B} = {C64AA940-5DD7-4478-984E-17C0B1E586BF}
		{14CE2773-B99F-4ED0-8C8F-C473A29D9569} = {6E408265-2522-4B5A-90E6-7349D2E38981}
		{6BC32F52-4165-4C67-9F22-3965C1C17CEE} = {6E408265-2522-4B5A-90E6-7349D2E38981}
		{1F4139A4-F143-43D4-BC6D-785976707AB0} = {6E408265-2522-4B5A-90E6-7349D2E38981}
		{524C48BD-0723-44BC-B884-EBEA117621BF} = {0AB8F29A-F4C8-4866-AFE2-9BE17B728F5B}
		{DCE80ED2-FF81-4B0E-A2BF-39F55BAE3A26} = {0AB8F29A-F4C8-4866-AFE2-9BE17B728F5B}
		{436D7117-3DB0-42AA-9241-BCB28DA48D10} = {0AB8F29A-F4C8-4866-AFE2-9BE17B728F5B}
		{605B9E8B-11E1-4DAD-AAB3-7483447A0527} = {0AB8F29A-F4C8-4866-AFE2-9BE17B728F5B}
		{87F9167F-85A0-4BDE-B530-A4E36096D561} = {605B9E8B-11E1-4DAD-AAB3-7483447A0527}
		{90EFEB36-2403-4E26-ACF1-8C4317F356AC} = {524C48BD-0723-44BC-B884-EBEA117621BF}
		{49DF1881-A42B-494C-BCAF-DF1F40506168} = {605B9E8B-11E1-4DAD-AAB3-7483447A0527}
		{BBE3ABBD-BAAF-486B-BA28-8247C8AF4637} = {605B9E8B-11E1-4DAD-AAB3-7483447A0527}
		{63E0655E-CB2B-443E-9CBA-0A47FE6D527A} = {605B9E8B-11E1-4DAD-AAB3-7483447A0527}
		{20875142-9CBB-4161-AB28-EF5B719D33A0} = {436D7117-3DB0-42AA-9241-BCB28DA48D10}
		{027CD3BC-8008-4FF2-A699-78FFBDA5EED2} = {C64AA940-5DD7-4478-984E-17C0B1E586BF}
		{074A648D-7E0E-440B-90A8-D75603263142} = {C64AA940-5DD7-4478-984E-17C0B1E586BF}
		{7FDE4F55-B2A2-4F85-B0E6-97CA11341E08} = {C64AA940-5DD7-4478-984E-17C0B1E586BF}
		{95FDCE31-7089-411E-A71E-140C7F44C937} = {C64AA940-5DD7-4478-984E-17C0B1E586BF}
		{FCCABF5C-0739-4757-BF13-D21726166CAA} = {C64AA940-5DD7-4478-984E-17C0B1E586BF}
		{86ABA2AC-1DC5-4A60-8BED-E1DD69C191AF} = {C64AA940-5DD7-4478-984E-17C0B1E586BF}
		{A6033019-358A-4004-8908-3D6C977DC4B7} = {C64AA940-5DD7-4478-984E-17C0B1E586BF}
		{4509BC45-330A-4F60-A3EC-11674D18A971} = {C64AA940-5DD7-4478-984E-17C0B1E586BF}
		{ACDC18A2-DC3D-49FF-B54A-31B8FF3B53F8} = {95FDCE31-7089-411E-A71E-140C7F44C937}
		{C512A984-4359-40CB-92B5-1CB31AB1DA58} = {6E408265-2522-4B5A-90E6-7349D2E38981}
		{A3CD3B60-BB92-4B76-8AC0-9BE3319EA2D8} = {6E408265-2522-4B5A-90E6-7349D2E38981}
		{1F657354-FD93-4116-AE15-4071BEBAEA77} = {6E408265-2522-4B5A-90E6-7349D2E38981}
		{2A211F1E-ECC0-4DB3-9154-737A07C2667B} = {1F657354-FD93-4116-AE15-4071BEBAEA77}
		{0AB8F29A-F4C8-4866-AFE2-9BE17B728F5B} = {FEE9CB6A-E7BC-4AB4-A625-80E62E0AEA6A}
		{C9881048-AC12-4322-B16E-965C56D79D0F} = {FEE9CB6A-E7BC-4AB4-A625-80E62E0AEA6A}
		{5247CD4E-2F45-4B38-9BCA-45D618DAEEE0} = {C9881048-AC12-4322-B16E-965C56D79D0F}
		{34A43406-4106-492B-9284-32E1381069AA} = {C9881048-AC12-4322-B16E-965C56D79D0F}
		{A29B2EF8-C07E-4B42-ABA3-4BD9D5F6C455} = {C9881048-AC12-4322-B16E-965C56D79D0F}
		{A080EFEA-E70E-40F6-9DDF-2BDFEC3D187E} = {A1BC2132-52EE-4513-B24D-CE45CA7289B6}
		{A1BC2132-52EE-4513-B24D-CE45CA7289B6} = {C9881048-AC12-4322-B16E-965C56D79D0F}
		{13CF147B-3480-4E0C-B817-56A9B4E842FF} = {A1BC2132-52EE-4513-B24D-CE45CA7289B6}
		{91D6C459-C398-4443-A19E-156CF6F11ACB} = {A1BC2132-52EE-4513-B24D-CE45CA7289B6}
		{85C78A57-386F-4E78-9F9A-3DD39721BA78} = {C9881048-AC12-4322-B16E-965C56D79D0F}
		{69BBB776-43F0-43CB-A978-DDDCA3392821} = {85C78A57-386F-4E78-9F9A-3DD39721BA78}
		{546D3C8D-039F-432E-8E2A-A52428A34CAA} = {85C78A57-386F-4E78-9F9A-3DD39721BA78}
		{9CAD153D-29A2-4CFF-9D81-A9FBBD76F29B} = {85C78A57-386F-4E78-9F9A-3DD39721BA78}
	EndGlobalSection
	GlobalSection(ExtensibilityGlobals) = postSolution
		SolutionGuid = {592A96C9-D392-441F-8547-69660189D47A}
	EndGlobalSection
EndGlobal
